
Microsoft Visual Studio Solution File, Format Version 12.00
# Visual Studio Version 17
VisualStudioVersion = 17.6.33815.320
MinimumVisualStudioVersion = 10.0.40219.1
Project("{FAE04EC0-301F-11D3-BF4B-00C04F79EFBC}") = "BookList", "BookList\BookList.csproj", "{AB69E4D3-5005-4361-982A-D0ABE95963CE}"
EndProject
Global
	GlobalSection(SolutionConfigurationPlatforms) = preSolution
		Debug|Any CPU = Debug|Any CPU
		Release|Any CPU = Release|Any CPU
	EndGlobalSection
	GlobalSection(ProjectConfigurationPlatforms) = postSolution
		{AB69E4D3-5005-4361-982A-D0ABE95963CE}.Debug|Any CPU.ActiveCfg = Debug|Any CPU
		{AB69E4D3-5005-4361-982A-D0ABE95963CE}.Debug|Any CPU.Build.0 = Debug|Any CPU
		{AB69E4D3-5005-4361-982A-D0ABE95963CE}.Release|Any CPU.ActiveCfg = Release|Any CPU
		{AB69E4D3-5005-4361-982A-D0ABE95963CE}.Release|Any CPU.Build.0 = Release|Any CPU
	EndGlobalSection
	GlobalSection(SolutionProperties) = preSolution
		HideSolutionNode = FALSE
	EndGlobalSection
	GlobalSection(ExtensibilityGlobals) = postSolution
		SolutionGuid = {0BB3B6F2-5EB1-42FD-8857-7186F28E32A1}
	EndGlobalSection
EndGlobal
